
Microsoft Visual Studio Solution File, Format Version 12.00
# Visual Studio Version 17
VisualStudioVersion = 17.8.34330.188
MinimumVisualStudioVersion = 10.0.40219.1
Project("{FAE04EC0-301F-11D3-BF4B-00C04F79EFBC}") = "VeriTablosuDenemeler", "VeriTablosuDenemeler\VeriTablosuDenemeler.csproj", "{350A88FD-F0DC-40D6-925A-889F4EAD41F1}"
EndProject
Global
	GlobalSection(SolutionConfigurationPlatforms) = preSolution
		Debug|Any CPU = Debug|Any CPU
		Release|Any CPU = Release|Any CPU
	EndGlobalSection
	GlobalSection(ProjectConfigurationPlatforms) = postSolution
		{350A88FD-F0DC-40D6-925A-889F4EAD41F1}.Debug|Any CPU.ActiveCfg = Debug|Any CPU
		{350A88FD-F0DC-40D6-925A-889F4EAD41F1}.Debug|Any CPU.Build.0 = Debug|Any CPU
		{350A88FD-F0DC-40D6-925A-889F4EAD41F1}.Release|Any CPU.ActiveCfg = Release|Any CPU
		{350A88FD-F0DC-40D6-925A-889F4EAD41F1}.Release|Any CPU.Build.0 = Release|Any CPU
	EndGlobalSection
	GlobalSection(SolutionProperties) = preSolution
		HideSolutionNode = FALSE
	EndGlobalSection
	GlobalSection(ExtensibilityGlobals) = postSolution
		SolutionGuid = {0D0055EE-F5A4-4E98-97D0-F8BD29322B91}
	EndGlobalSection
EndGlobal
